
Microsoft Visual Studio Solution File, Format Version 12.00
# Visual Studio 14
VisualStudioVersion = 14.0.24720.0
MinimumVisualStudioVersion = 10.0.40219.1
Project("{FAE04EC0-301F-11D3-BF4B-00C04F79EFBC}") = "Task1", "Task1\Task1.csproj", "{C49B4403-3294-4E73-87B1-A2EF49084DC5}"
EndProject
Project("{FAE04EC0-301F-11D3-BF4B-00C04F79EFBC}") = "Task2", "Task2\Task2.csproj", "{CA0ED7D2-CB44-4E4C-95EE-5F490F259CE3}"
EndProject
Project("{FAE04EC0-301F-11D3-BF4B-00C04F79EFBC}") = "Task3", "Task3\Task3.csproj", "{6CCEE2FF-FC74-468C-B78B-BEB3453A35DA}"
EndProject
Project("{FAE04EC0-301F-11D3-BF4B-00C04F79EFBC}") = "Task4", "Task4\Task4.csproj", "{D5E7D06B-927E-4B7B-8E6D-B8B672E4F629}"
EndProject
Project("{FAE04EC0-301F-11D3-BF4B-00C04F79EFBC}") = "Task5", "Task5\Task5.csproj", "{EEC76969-3BA2-40B7-81EC-6FC700AF8AF2}"
EndProject
Project("{FAE04EC0-301F-11D3-BF4B-00C04F79EFBC}") = "Task3.Tests", "Task3.Tests\Task3.Tests.csproj", "{79D3380F-B91E-495F-92CD-7A5E9BACCCF1}"
EndProject
Project("{FAE04EC0-301F-11D3-BF4B-00C04F79EFBC}") = "Task4.Tests", "Task4.Tests\Task4.Tests.csproj", "{D01E52D9-C286-4C91-8EAB-775F30D8F857}"
EndProject
Global
	GlobalSection(SolutionConfigurationPlatforms) = preSolution
		Debug|Any CPU = Debug|Any CPU
		Release|Any CPU = Release|Any CPU
	EndGlobalSection
	GlobalSection(ProjectConfigurationPlatforms) = postSolution
		{C49B4403-3294-4E73-87B1-A2EF49084DC5}.Debug|Any CPU.ActiveCfg = Debug|Any CPU
		{C49B4403-3294-4E73-87B1-A2EF49084DC5}.Debug|Any CPU.Build.0 = Debug|Any CPU
		{C49B4403-3294-4E73-87B1-A2EF49084DC5}.Release|Any CPU.ActiveCfg = Release|Any CPU
		{C49B4403-3294-4E73-87B1-A2EF49084DC5}.Release|Any CPU.Build.0 = Release|Any CPU
		{CA0ED7D2-CB44-4E4C-95EE-5F490F259CE3}.Debug|Any CPU.ActiveCfg = Debug|Any CPU
		{CA0ED7D2-CB44-4E4C-95EE-5F490F259CE3}.Debug|Any CPU.Build.0 = Debug|Any CPU
		{CA0ED7D2-CB44-4E4C-95EE-5F490F259CE3}.Release|Any CPU.ActiveCfg = Release|Any CPU
		{CA0ED7D2-CB44-4E4C-95EE-5F490F259CE3}.Release|Any CPU.Build.0 = Release|Any CPU
		{6CCEE2FF-FC74-468C-B78B-BEB3453A35DA}.Debug|Any CPU.ActiveCfg = Debug|Any CPU
		{6CCEE2FF-FC74-468C-B78B-BEB3453A35DA}.Debug|Any CPU.Build.0 = Debug|Any CPU
		{6CCEE2FF-FC74-468C-B78B-BEB3453A35DA}.Release|Any CPU.ActiveCfg = Release|Any CPU
		{6CCEE2FF-FC74-468C-B78B-BEB3453A35DA}.Release|Any CPU.Build.0 = Release|Any CPU
		{D5E7D06B-927E-4B7B-8E6D-B8B672E4F629}.Debug|Any CPU.ActiveCfg = Debug|Any CPU
		{D5E7D06B-927E-4B7B-8E6D-B8B672E4F629}.Debug|Any CPU.Build.0 = Debug|Any CPU
		{D5E7D06B-927E-4B7B-8E6D-B8B672E4F629}.Release|Any CPU.ActiveCfg = Release|Any CPU
		{D5E7D06B-927E-4B7B-8E6D-B8B672E4F629}.Release|Any CPU.Build.0 = Release|Any CPU
		{EEC76969-3BA2-40B7-81EC-6FC700AF8AF2}.Debug|Any CPU.ActiveCfg = Debug|Any CPU
		{EEC76969-3BA2-40B7-81EC-6FC700AF8AF2}.Debug|Any CPU.Build.0 = Debug|Any CPU
		{EEC76969-3BA2-40B7-81EC-6FC700AF8AF2}.Release|Any CPU.ActiveCfg = Release|Any CPU
		{EEC76969-3BA2-40B7-81EC-6FC700AF8AF2}.Release|Any CPU.Build.0 = Release|Any CPU
		{79D3380F-B91E-495F-92CD-7A5E9BACCCF1}.Debug|Any CPU.ActiveCfg = Debug|Any CPU
		{79D3380F-B91E-495F-92CD-7A5E9BACCCF1}.Debug|Any CPU.Build.0 = Debug|Any CPU
		{79D3380F-B91E-495F-92CD-7A5E9BACCCF1}.Release|Any CPU.ActiveCfg = Release|Any CPU
		{79D3380F-B91E-495F-92CD-7A5E9BACCCF1}.Release|Any CPU.Build.0 = Release|Any CPU
		{D01E52D9-C286-4C91-8EAB-775F30D8F857}.Debug|Any CPU.ActiveCfg = Debug|Any CPU
		{D01E52D9-C286-4C91-8EAB-775F30D8F857}.Debug|Any CPU.Build.0 = Debug|Any CPU
		{D01E52D9-C286-4C91-8EAB-775F30D8F857}.Release|Any CPU.ActiveCfg = Release|Any CPU
		{D01E52D9-C286-4C91-8EAB-775F30D8F857}.Release|Any CPU.Build.0 = Release|Any CPU
	EndGlobalSection
	GlobalSection(SolutionProperties) = preSolution
		HideSolutionNode = FALSE
	EndGlobalSection
EndGlobal
